// !$*UTF8*$!
{
	archiveVersion = 1;
	classes = {
	};
	objectVersion = 56;
	objects = {

/* Begin PBXBuildFile section */
		52995798AF1F4032C9F41071 /* Pods_Weather_Application_Weather_ApplicationUITests.framework in Frameworks */ = {isa = PBXBuildFile; fileRef = E0F9CB765F3C7CF6AC66B922 /* Pods_Weather_Application_Weather_ApplicationUITests.framework */; };
		666354222ABD9473009EEC9B /* AppDelegate.swift in Sources */ = {isa = PBXBuildFile; fileRef = 666354212ABD9473009EEC9B /* AppDelegate.swift */; };
		666354242ABD9473009EEC9B /* SceneDelegate.swift in Sources */ = {isa = PBXBuildFile; fileRef = 666354232ABD9473009EEC9B /* SceneDelegate.swift */; };
		666354262ABD9473009EEC9B /* WeatherViewController.swift in Sources */ = {isa = PBXBuildFile; fileRef = 666354252ABD9473009EEC9B /* WeatherViewController.swift */; };
		666354292ABD9473009EEC9B /* Main.storyboard in Resources */ = {isa = PBXBuildFile; fileRef = 666354272ABD9473009EEC9B /* Main.storyboard */; };
		6663542B2ABD9474009EEC9B /* Assets.xcassets in Resources */ = {isa = PBXBuildFile; fileRef = 6663542A2ABD9474009EEC9B /* Assets.xcassets */; };
		6663542E2ABD9474009EEC9B /* LaunchScreen.storyboard in Resources */ = {isa = PBXBuildFile; fileRef = 6663542C2ABD9474009EEC9B /* LaunchScreen.storyboard */; };
		666354392ABD9474009EEC9B /* Weather_ApplicationTests.swift in Sources */ = {isa = PBXBuildFile; fileRef = 666354382ABD9474009EEC9B /* Weather_ApplicationTests.swift */; };
		666354432ABD9474009EEC9B /* Weather_ApplicationUITests.swift in Sources */ = {isa = PBXBuildFile; fileRef = 666354422ABD9474009EEC9B /* Weather_ApplicationUITests.swift */; };
		666354452ABD9474009EEC9B /* Weather_ApplicationUITestsLaunchTests.swift in Sources */ = {isa = PBXBuildFile; fileRef = 666354442ABD9474009EEC9B /* Weather_ApplicationUITestsLaunchTests.swift */; };
		666354522ABD9503009EEC9B /* ChangeCityDelegate.swift in Sources */ = {isa = PBXBuildFile; fileRef = 666354512ABD9503009EEC9B /* ChangeCityDelegate.swift */; };
		666354542ABD9514009EEC9B /* ExtensionFile.swift in Sources */ = {isa = PBXBuildFile; fileRef = 666354532ABD9514009EEC9B /* ExtensionFile.swift */; };
		666354562ABD9526009EEC9B /* WeatherDataModel.swift in Sources */ = {isa = PBXBuildFile; fileRef = 666354552ABD9526009EEC9B /* WeatherDataModel.swift */; };
		666354582ABD9536009EEC9B /* CityNameViewController.swift in Sources */ = {isa = PBXBuildFile; fileRef = 666354572ABD9536009EEC9B /* CityNameViewController.swift */; };
		B7DB49C62A685CF68748F4B0 /* Pods_Weather_Application.framework in Frameworks */ = {isa = PBXBuildFile; fileRef = 7A8C39F0A2AE0F6C42D20025 /* Pods_Weather_Application.framework */; };
		BF10C7A2F4BE2CA4BE28D199 /* Pods_Weather_ApplicationTests.framework in Frameworks */ = {isa = PBXBuildFile; fileRef = 8964B59158E7DC91BA3EAB61 /* Pods_Weather_ApplicationTests.framework */; };
/* End PBXBuildFile section */

/* Begin PBXContainerItemProxy section */
		666354352ABD9474009EEC9B /* PBXContainerItemProxy */ = {
			isa = PBXContainerItemProxy;
			containerPortal = 666354162ABD9473009EEC9B /* Project object */;
			proxyType = 1;
			remoteGlobalIDString = 6663541D2ABD9473009EEC9B;
			remoteInfo = Weather_Application;
		};
		6663543F2ABD9474009EEC9B /* PBXContainerItemProxy */ = {
			isa = PBXContainerItemProxy;
			containerPortal = 666354162ABD9473009EEC9B /* Project object */;
			proxyType = 1;
			remoteGlobalIDString = 6663541D2ABD9473009EEC9B;
			remoteInfo = Weather_Application;
		};
/* End PBXContainerItemProxy section */

/* Begin PBXFileReference section */
		512F46EB9C046BADE0B9D559 /* Pods-Weather_Application-Weather_ApplicationUITests.release.xcconfig */ = {isa = PBXFileReference; includeInIndex = 1; lastKnownFileType = text.xcconfig; name = "Pods-Weather_Application-Weather_ApplicationUITests.release.xcconfig"; path = "Target Support Files/Pods-Weather_Application-Weather_ApplicationUITests/Pods-Weather_Application-Weather_ApplicationUITests.release.xcconfig"; sourceTree = "<group>"; };
		6663541E2ABD9473009EEC9B /* Weather_Application.app */ = {isa = PBXFileReference; explicitFileType = wrapper.application; includeInIndex = 0; path = Weather_Application.app; sourceTree = BUILT_PRODUCTS_DIR; };
		666354212ABD9473009EEC9B /* AppDelegate.swift */ = {isa = PBXFileReference; lastKnownFileType = sourcecode.swift; path = AppDelegate.swift; sourceTree = "<group>"; };
		666354232ABD9473009EEC9B /* SceneDelegate.swift */ = {isa = PBXFileReference; lastKnownFileType = sourcecode.swift; path = SceneDelegate.swift; sourceTree = "<group>"; };
		666354252ABD9473009EEC9B /* WeatherViewController.swift */ = {isa = PBXFileReference; lastKnownFileType = sourcecode.swift; path = WeatherViewController.swift; sourceTree = "<group>"; };
		666354282ABD9473009EEC9B /* Base */ = {isa = PBXFileReference; lastKnownFileType = file.storyboard; name = Base; path = Base.lproj/Main.storyboard; sourceTree = "<group>"; };
		6663542A2ABD9474009EEC9B /* Assets.xcassets */ = {isa = PBXFileReference; lastKnownFileType = folder.assetcatalog; path = Assets.xcassets; sourceTree = "<group>"; };
		6663542D2ABD9474009EEC9B /* Base */ = {isa = PBXFileReference; lastKnownFileType = file.storyboard; name = Base; path = Base.lproj/LaunchScreen.storyboard; sourceTree = "<group>"; };
		6663542F2ABD9474009EEC9B /* Info.plist */ = {isa = PBXFileReference; lastKnownFileType = text.plist.xml; path = Info.plist; sourceTree = "<group>"; };
		666354342ABD9474009EEC9B /* Weather_ApplicationTests.xctest */ = {isa = PBXFileReference; explicitFileType = wrapper.cfbundle; includeInIndex = 0; path = Weather_ApplicationTests.xctest; sourceTree = BUILT_PRODUCTS_DIR; };
		666354382ABD9474009EEC9B /* Weather_ApplicationTests.swift */ = {isa = PBXFileReference; lastKnownFileType = sourcecode.swift; path = Weather_ApplicationTests.swift; sourceTree = "<group>"; };
		6663543E2ABD9474009EEC9B /* Weather_ApplicationUITests.xctest */ = {isa = PBXFileReference; explicitFileType = wrapper.cfbundle; includeInIndex = 0; path = Weather_ApplicationUITests.xctest; sourceTree = BUILT_PRODUCTS_DIR; };
		666354422ABD9474009EEC9B /* Weather_ApplicationUITests.swift */ = {isa = PBXFileReference; lastKnownFileType = sourcecode.swift; path = Weather_ApplicationUITests.swift; sourceTree = "<group>"; };
		666354442ABD9474009EEC9B /* Weather_ApplicationUITestsLaunchTests.swift */ = {isa = PBXFileReference; lastKnownFileType = sourcecode.swift; path = Weather_ApplicationUITestsLaunchTests.swift; sourceTree = "<group>"; };
		666354512ABD9503009EEC9B /* ChangeCityDelegate.swift */ = {isa = PBXFileReference; lastKnownFileType = sourcecode.swift; path = ChangeCityDelegate.swift; sourceTree = "<group>"; };
		666354532ABD9514009EEC9B /* ExtensionFile.swift */ = {isa = PBXFileReference; lastKnownFileType = sourcecode.swift; path = ExtensionFile.swift; sourceTree = "<group>"; };
		666354552ABD9526009EEC9B /* WeatherDataModel.swift */ = {isa = PBXFileReference; lastKnownFileType = sourcecode.swift; path = WeatherDataModel.swift; sourceTree = "<group>"; };
		666354572ABD9536009EEC9B /* CityNameViewController.swift */ = {isa = PBXFileReference; lastKnownFileType = sourcecode.swift; path = CityNameViewController.swift; sourceTree = "<group>"; };
		755FFD334664A6B2E7237F6D /* Pods-Weather_Application-Weather_ApplicationUITests.debug.xcconfig */ = {isa = PBXFileReference; includeInIndex = 1; lastKnownFileType = text.xcconfig; name = "Pods-Weather_Application-Weather_ApplicationUITests.debug.xcconfig"; path = "Target Support Files/Pods-Weather_Application-Weather_ApplicationUITests/Pods-Weather_Application-Weather_ApplicationUITests.debug.xcconfig"; sourceTree = "<group>"; };
		7A8C39F0A2AE0F6C42D20025 /* Pods_Weather_Application.framework */ = {isa = PBXFileReference; explicitFileType = wrapper.framework; includeInIndex = 0; path = Pods_Weather_Application.framework; sourceTree = BUILT_PRODUCTS_DIR; };
		8964B59158E7DC91BA3EAB61 /* Pods_Weather_ApplicationTests.framework */ = {isa = PBXFileReference; explicitFileType = wrapper.framework; includeInIndex = 0; path = Pods_Weather_ApplicationTests.framework; sourceTree = BUILT_PRODUCTS_DIR; };
		92826E974CAAF08464D58318 /* Pods-Weather_Application.debug.xcconfig */ = {isa = PBXFileReference; includeInIndex = 1; lastKnownFileType = text.xcconfig; name = "Pods-Weather_Application.debug.xcconfig"; path = "Target Support Files/Pods-Weather_Application/Pods-Weather_Application.debug.xcconfig"; sourceTree = "<group>"; };
		9D5529E4C52F2AED6F680F01 /* Pods-Weather_ApplicationTests.release.xcconfig */ = {isa = PBXFileReference; includeInIndex = 1; lastKnownFileType = text.xcconfig; name = "Pods-Weather_ApplicationTests.release.xcconfig"; path = "Target Support Files/Pods-Weather_ApplicationTests/Pods-Weather_ApplicationTests.release.xcconfig"; sourceTree = "<group>"; };
		A895F888988A86278A66F0ED /* Pods-Weather_Application.release.xcconfig */ = {isa = PBXFileReference; includeInIndex = 1; lastKnownFileType = text.xcconfig; name = "Pods-Weather_Application.release.xcconfig"; path = "Target Support Files/Pods-Weather_Application/Pods-Weather_Application.release.xcconfig"; sourceTree = "<group>"; };
		B66051D6A73A9D0774D26014 /* Pods-Weather_ApplicationTests.debug.xcconfig */ = {isa = PBXFileReference; includeInIndex = 1; lastKnownFileType = text.xcconfig; name = "Pods-Weather_ApplicationTests.debug.xcconfig"; path = "Target Support Files/Pods-Weather_ApplicationTests/Pods-Weather_ApplicationTests.debug.xcconfig"; sourceTree = "<group>"; };
		E0F9CB765F3C7CF6AC66B922 /* Pods_Weather_Application_Weather_ApplicationUITests.framework */ = {isa = PBXFileReference; explicitFileType = wrapper.framework; includeInIndex = 0; path = Pods_Weather_Application_Weather_ApplicationUITests.framework; sourceTree = BUILT_PRODUCTS_DIR; };
/* End PBXFileReference section */

/* Begin PBXFrameworksBuildPhase section */
		6663541B2ABD9473009EEC9B /* Frameworks */ = {
			isa = PBXFrameworksBuildPhase;
			buildActionMask = 2147483647;
			files = (
				B7DB49C62A685CF68748F4B0 /* Pods_Weather_Application.framework in Frameworks */,
			);
			runOnlyForDeploymentPostprocessing = 0;
		};
		666354312ABD9474009EEC9B /* Frameworks */ = {
			isa = PBXFrameworksBuildPhase;
			buildActionMask = 2147483647;
			files = (
				BF10C7A2F4BE2CA4BE28D199 /* Pods_Weather_ApplicationTests.framework in Frameworks */,
			);
			runOnlyForDeploymentPostprocessing = 0;
		};
		6663543B2ABD9474009EEC9B /* Frameworks */ = {
			isa = PBXFrameworksBuildPhase;
			buildActionMask = 2147483647;
			files = (
				52995798AF1F4032C9F41071 /* Pods_Weather_Application_Weather_ApplicationUITests.framework in Frameworks */,
			);
			runOnlyForDeploymentPostprocessing = 0;
		};
/* End PBXFrameworksBuildPhase section */

/* Begin PBXGroup section */
		666354152ABD9473009EEC9B = {
			isa = PBXGroup;
			children = (
				666354202ABD9473009EEC9B /* Weather_Application */,
				666354372ABD9474009EEC9B /* Weather_ApplicationTests */,
				666354412ABD9474009EEC9B /* Weather_ApplicationUITests */,
				6663541F2ABD9473009EEC9B /* Products */,
				86331DBE4CE2D42C580F07B6 /* Pods */,
				C7FF49DF7AE1CCA6D1520ECB /* Frameworks */,
			);
			sourceTree = "<group>";
		};
		6663541F2ABD9473009EEC9B /* Products */ = {
			isa = PBXGroup;
			children = (
				6663541E2ABD9473009EEC9B /* Weather_Application.app */,
				666354342ABD9474009EEC9B /* Weather_ApplicationTests.xctest */,
				6663543E2ABD9474009EEC9B /* Weather_ApplicationUITests.xctest */,
			);
			name = Products;
			sourceTree = "<group>";
		};
		666354202ABD9473009EEC9B /* Weather_Application */ = {
			isa = PBXGroup;
			children = (
				666354212ABD9473009EEC9B /* AppDelegate.swift */,
				666354232ABD9473009EEC9B /* SceneDelegate.swift */,
				666354252ABD9473009EEC9B /* WeatherViewController.swift */,
				666354272ABD9473009EEC9B /* Main.storyboard */,
				6663542A2ABD9474009EEC9B /* Assets.xcassets */,
				6663542C2ABD9474009EEC9B /* LaunchScreen.storyboard */,
				6663542F2ABD9474009EEC9B /* Info.plist */,
				666354512ABD9503009EEC9B /* ChangeCityDelegate.swift */,
				666354532ABD9514009EEC9B /* ExtensionFile.swift */,
				666354552ABD9526009EEC9B /* WeatherDataModel.swift */,
				666354572ABD9536009EEC9B /* CityNameViewController.swift */,
			);
			path = Weather_Application;
			sourceTree = "<group>";
		};
		666354372ABD9474009EEC9B /* Weather_ApplicationTests */ = {
			isa = PBXGroup;
			children = (
				666354382ABD9474009EEC9B /* Weather_ApplicationTests.swift */,
			);
			path = Weather_ApplicationTests;
			sourceTree = "<group>";
		};
		666354412ABD9474009EEC9B /* Weather_ApplicationUITests */ = {
			isa = PBXGroup;
			children = (
				666354422ABD9474009EEC9B /* Weather_ApplicationUITests.swift */,
				666354442ABD9474009EEC9B /* Weather_ApplicationUITestsLaunchTests.swift */,
			);
			path = Weather_ApplicationUITests;
			sourceTree = "<group>";
		};
		86331DBE4CE2D42C580F07B6 /* Pods */ = {
			isa = PBXGroup;
			children = (
				92826E974CAAF08464D58318 /* Pods-Weather_Application.debug.xcconfig */,
				A895F888988A86278A66F0ED /* Pods-Weather_Application.release.xcconfig */,
				755FFD334664A6B2E7237F6D /* Pods-Weather_Application-Weather_ApplicationUITests.debug.xcconfig */,
				512F46EB9C046BADE0B9D559 /* Pods-Weather_Application-Weather_ApplicationUITests.release.xcconfig */,
				B66051D6A73A9D0774D26014 /* Pods-Weather_ApplicationTests.debug.xcconfig */,
				9D5529E4C52F2AED6F680F01 /* Pods-Weather_ApplicationTests.release.xcconfig */,
			);
			name = Pods;
			path = Pods;
			sourceTree = "<group>";
		};
		C7FF49DF7AE1CCA6D1520ECB /* Frameworks */ = {
			isa = PBXGroup;
			children = (
				7A8C39F0A2AE0F6C42D20025 /* Pods_Weather_Application.framework */,
				E0F9CB765F3C7CF6AC66B922 /* Pods_Weather_Application_Weather_ApplicationUITests.framework */,
				8964B59158E7DC91BA3EAB61 /* Pods_Weather_ApplicationTests.framework */,
			);
			name = Frameworks;
			sourceTree = "<group>";
		};
/* End PBXGroup section */

/* Begin PBXNativeTarget section */
		6663541D2ABD9473009EEC9B /* Weather_Application */ = {
			isa = PBXNativeTarget;
			buildConfigurationList = 666354482ABD9474009EEC9B /* Build configuration list for PBXNativeTarget "Weather_Application" */;
			buildPhases = (
				11C1C304AF91FF25D8BC5BB9 /* [CP] Check Pods Manifest.lock */,
				6663541A2ABD9473009EEC9B /* Sources */,
				6663541B2ABD9473009EEC9B /* Frameworks */,
				6663541C2ABD9473009EEC9B /* Resources */,
				6F713CB9BC2ABBEE7B64C436 /* [CP] Embed Pods Frameworks */,
			);
			buildRules = (
			);
			dependencies = (
			);
			name = Weather_Application;
			productName = Weather_Application;
			productReference = 6663541E2ABD9473009EEC9B /* Weather_Application.app */;
			productType = "com.apple.product-type.application";
		};
		666354332ABD9474009EEC9B /* Weather_ApplicationTests */ = {
			isa = PBXNativeTarget;
			buildConfigurationList = 6663544B2ABD9474009EEC9B /* Build configuration list for PBXNativeTarget "Weather_ApplicationTests" */;
			buildPhases = (
				4E78EB2C5E2F5E62C7F82725 /* [CP] Check Pods Manifest.lock */,
				666354302ABD9474009EEC9B /* Sources */,
				666354312ABD9474009EEC9B /* Frameworks */,
				666354322ABD9474009EEC9B /* Resources */,
			);
			buildRules = (
			);
			dependencies = (
				666354362ABD9474009EEC9B /* PBXTargetDependency */,
			);
			name = Weather_ApplicationTests;
			productName = Weather_ApplicationTests;
			productReference = 666354342ABD9474009EEC9B /* Weather_ApplicationTests.xctest */;
			productType = "com.apple.product-type.bundle.unit-test";
		};
		6663543D2ABD9474009EEC9B /* Weather_ApplicationUITests */ = {
			isa = PBXNativeTarget;
			buildConfigurationList = 6663544E2ABD9474009EEC9B /* Build configuration list for PBXNativeTarget "Weather_ApplicationUITests" */;
			buildPhases = (
				155D32FCDC71F2E72F626FD3 /* [CP] Check Pods Manifest.lock */,
				6663543A2ABD9474009EEC9B /* Sources */,
				6663543B2ABD9474009EEC9B /* Frameworks */,
				6663543C2ABD9474009EEC9B /* Resources */,
				A24DFBEBE2188FCC1F069CD3 /* [CP] Embed Pods Frameworks */,
			);
			buildRules = (
			);
			dependencies = (
				666354402ABD9474009EEC9B /* PBXTargetDependency */,
			);
			name = Weather_ApplicationUITests;
			productName = Weather_ApplicationUITests;
			productReference = 6663543E2ABD9474009EEC9B /* Weather_ApplicationUITests.xctest */;
			productType = "com.apple.product-type.bundle.ui-testing";
		};
/* End PBXNativeTarget section */

/* Begin PBXProject section */
		666354162ABD9473009EEC9B /* Project object */ = {
			isa = PBXProject;
			attributes = {
				BuildIndependentTargetsInParallel = 1;
				LastSwiftUpdateCheck = 1430;
				LastUpgradeCheck = 1430;
				TargetAttributes = {
					6663541D2ABD9473009EEC9B = {
						CreatedOnToolsVersion = 14.3.1;
					};
					666354332ABD9474009EEC9B = {
						CreatedOnToolsVersion = 14.3.1;
						TestTargetID = 6663541D2ABD9473009EEC9B;
					};
					6663543D2ABD9474009EEC9B = {
						CreatedOnToolsVersion = 14.3.1;
						TestTargetID = 6663541D2ABD9473009EEC9B;
					};
				};
			};
			buildConfigurationList = 666354192ABD9473009EEC9B /* Build configuration list for PBXProject "Weather_Application" */;
			compatibilityVersion = "Xcode 14.0";
			developmentRegion = en;
			hasScannedForEncodings = 0;
			knownRegions = (
				en,
				Base,
			);
			mainGroup = 666354152ABD9473009EEC9B;
			productRefGroup = 6663541F2ABD9473009EEC9B /* Products */;
			projectDirPath = "";
			projectRoot = "";
			targets = (
				6663541D2ABD9473009EEC9B /* Weather_Application */,
				666354332ABD9474009EEC9B /* Weather_ApplicationTests */,
				6663543D2ABD9474009EEC9B /* Weather_ApplicationUITests */,
			);
		};
/* End PBXProject section */

/* Begin PBXResourcesBuildPhase section */
		6663541C2ABD9473009EEC9B /* Resources */ = {
			isa = PBXResourcesBuildPhase;
			buildActionMask = 2147483647;
			files = (
				6663542E2ABD9474009EEC9B /* LaunchScreen.storyboard in Resources */,
				6663542B2ABD9474009EEC9B /* Assets.xcassets in Resources */,
				666354292ABD9473009EEC9B /* Main.storyboard in Resources */,
			);
			runOnlyForDeploymentPostprocessing = 0;
		};
		666354322ABD9474009EEC9B /* Resources */ = {
			isa = PBXResourcesBuildPhase;
			buildActionMask = 2147483647;
			files = (
			);
			runOnlyForDeploymentPostprocessing = 0;
		};
		6663543C2ABD9474009EEC9B /* Resources */ = {
			isa = PBXResourcesBuildPhase;
			buildActionMask = 2147483647;
			files = (
			);
			runOnlyForDeploymentPostprocessing = 0;
		};
/* End PBXResourcesBuildPhase section */

/* Begin PBXShellScriptBuildPhase section */
		11C1C304AF91FF25D8BC5BB9 /* [CP] Check Pods Manifest.lock */ = {
			isa = PBXShellScriptBuildPhase;
			buildActionMask = 2147483647;
			files = (
			);
			inputFileListPaths = (
			);
			inputPaths = (
				"${PODS_PODFILE_DIR_PATH}/Podfile.lock",
				"${PODS_ROOT}/Manifest.lock",
			);
			name = "[CP] Check Pods Manifest.lock";
			outputFileListPaths = (
			);
			outputPaths = (
				"$(DERIVED_FILE_DIR)/Pods-Weather_Application-checkManifestLockResult.txt",
			);
			runOnlyForDeploymentPostprocessing = 0;
			shellPath = /bin/sh;
			shellScript = "diff \"${PODS_PODFILE_DIR_PATH}/Podfile.lock\" \"${PODS_ROOT}/Manifest.lock\" > /dev/null\nif [ $? != 0 ] ; then\n    # print error to STDERR\n    echo \"error: The sandbox is not in sync with the Podfile.lock. Run 'pod install' or update your CocoaPods installation.\" >&2\n    exit 1\nfi\n# This output is used by Xcode 'outputs' to avoid re-running this script phase.\necho \"SUCCESS\" > \"${SCRIPT_OUTPUT_FILE_0}\"\n";
			showEnvVarsInLog = 0;
		};
		155D32FCDC71F2E72F626FD3 /* [CP] Check Pods Manifest.lock */ = {
			isa = PBXShellScriptBuildPhase;
			buildActionMask = 2147483647;
			files = (
			);
			inputFileListPaths = (
			);
			inputPaths = (
				"${PODS_PODFILE_DIR_PATH}/Podfile.lock",
				"${PODS_ROOT}/Manifest.lock",
			);
			name = "[CP] Check Pods Manifest.lock";
			outputFileListPaths = (
			);
			outputPaths = (
				"$(DERIVED_FILE_DIR)/Pods-Weather_Application-Weather_ApplicationUITests-checkManifestLockResult.txt",
			);
			runOnlyForDeploymentPostprocessing = 0;
			shellPath = /bin/sh;
			shellScript = "diff \"${PODS_PODFILE_DIR_PATH}/Podfile.lock\" \"${PODS_ROOT}/Manifest.lock\" > /dev/null\nif [ $? != 0 ] ; then\n    # print error to STDERR\n    echo \"error: The sandbox is not in sync with the Podfile.lock. Run 'pod install' or update your CocoaPods installation.\" >&2\n    exit 1\nfi\n# This output is used by Xcode 'outputs' to avoid re-running this script phase.\necho \"SUCCESS\" > \"${SCRIPT_OUTPUT_FILE_0}\"\n";
			showEnvVarsInLog = 0;
		};
		4E78EB2C5E2F5E62C7F82725 /* [CP] Check Pods Manifest.lock */ = {
			isa = PBXShellScriptBuildPhase;
			buildActionMask = 2147483647;
			files = (
			);
			inputFileListPaths = (
			);
			inputPaths = (
				"${PODS_PODFILE_DIR_PATH}/Podfile.lock",
				"${PODS_ROOT}/Manifest.lock",
			);
			name = "[CP] Check Pods Manifest.lock";
			outputFileListPaths = (
			);
			outputPaths = (
				"$(DERIVED_FILE_DIR)/Pods-Weather_ApplicationTests-checkManifestLockResult.txt",
			);
			runOnlyForDeploymentPostprocessing = 0;
			shellPath = /bin/sh;
			shellScript = "diff \"${PODS_PODFILE_DIR_PATH}/Podfile.lock\" \"${PODS_ROOT}/Manifest.lock\" > /dev/null\nif [ $? != 0 ] ; then\n    # print error to STDERR\n    echo \"error: The sandbox is not in sync with the Podfile.lock. Run 'pod install' or update your CocoaPods installation.\" >&2\n    exit 1\nfi\n# This output is used by Xcode 'outputs' to avoid re-running this script phase.\necho \"SUCCESS\" > \"${SCRIPT_OUTPUT_FILE_0}\"\n";
			showEnvVarsInLog = 0;
		};
		6F713CB9BC2ABBEE7B64C436 /* [CP] Embed Pods Frameworks */ = {
			isa = PBXShellScriptBuildPhase;
			buildActionMask = 2147483647;
			files = (
			);
			inputFileListPaths = (
				"${PODS_ROOT}/Target Support Files/Pods-Weather_Application/Pods-Weather_Application-frameworks-${CONFIGURATION}-input-files.xcfilelist",
			);
			name = "[CP] Embed Pods Frameworks";
			outputFileListPaths = (
				"${PODS_ROOT}/Target Support Files/Pods-Weather_Application/Pods-Weather_Application-frameworks-${CONFIGURATION}-output-files.xcfilelist",
			);
			runOnlyForDeploymentPostprocessing = 0;
			shellPath = /bin/sh;
			shellScript = "\"${PODS_ROOT}/Target Support Files/Pods-Weather_Application/Pods-Weather_Application-frameworks.sh\"\n";
			showEnvVarsInLog = 0;
		};
		A24DFBEBE2188FCC1F069CD3 /* [CP] Embed Pods Frameworks */ = {
			isa = PBXShellScriptBuildPhase;
			buildActionMask = 2147483647;
			files = (
			);
			inputFileListPaths = (
				"${PODS_ROOT}/Target Support Files/Pods-Weather_Application-Weather_ApplicationUITests/Pods-Weather_Application-Weather_ApplicationUITests-frameworks-${CONFIGURATION}-input-files.xcfilelist",
			);
			name = "[CP] Embed Pods Frameworks";
			outputFileListPaths = (
				"${PODS_ROOT}/Target Support Files/Pods-Weather_Application-Weather_ApplicationUITests/Pods-Weather_Application-Weather_ApplicationUITests-frameworks-${CONFIGURATION}-output-files.xcfilelist",
			);
			runOnlyForDeploymentPostprocessing = 0;
			shellPath = /bin/sh;
			shellScript = "\"${PODS_ROOT}/Target Support Files/Pods-Weather_Application-Weather_ApplicationUITests/Pods-Weather_Application-Weather_ApplicationUITests-frameworks.sh\"\n";
			showEnvVarsInLog = 0;
		};
/* End PBXShellScriptBuildPhase section */

/* Begin PBXSourcesBuildPhase section */
		6663541A2ABD9473009EEC9B /* Sources */ = {
			isa = PBXSourcesBuildPhase;
			buildActionMask = 2147483647;
			files = (
				666354262ABD9473009EEC9B /* WeatherViewController.swift in Sources */,
				666354542ABD9514009EEC9B /* ExtensionFile.swift in Sources */,
				666354562ABD9526009EEC9B /* WeatherDataModel.swift in Sources */,
				666354522ABD9503009EEC9B /* ChangeCityDelegate.swift in Sources */,
				666354222ABD9473009EEC9B /* AppDelegate.swift in Sources */,
				666354582ABD9536009EEC9B /* CityNameViewController.swift in Sources */,
				666354242ABD9473009EEC9B /* SceneDelegate.swift in Sources */,
			);
			runOnlyForDeploymentPostprocessing = 0;
		};
		666354302ABD9474009EEC9B /* Sources */ = {
			isa = PBXSourcesBuildPhase;
			buildActionMask = 2147483647;
			files = (
				666354392ABD9474009EEC9B /* Weather_ApplicationTests.swift in Sources */,
			);
			runOnlyForDeploymentPostprocessing = 0;
		};
		6663543A2ABD9474009EEC9B /* Sources */ = {
			isa = PBXSourcesBuildPhase;
			buildActionMask = 2147483647;
			files = (
				666354452ABD9474009EEC9B /* Weather_ApplicationUITestsLaunchTests.swift in Sources */,
				666354432ABD9474009EEC9B /* Weather_ApplicationUITests.swift in Sources */,
			);
			runOnlyForDeploymentPostprocessing = 0;
		};
/* End PBXSourcesBuildPhase section */

/* Begin PBXTargetDependency section */
		666354362ABD9474009EEC9B /* PBXTargetDependency */ = {
			isa = PBXTargetDependency;
			target = 6663541D2ABD9473009EEC9B /* Weather_Application */;
			targetProxy = 666354352ABD9474009EEC9B /* PBXContainerItemProxy */;
		};
		666354402ABD9474009EEC9B /* PBXTargetDependency */ = {
			isa = PBXTargetDependency;
			target = 6663541D2ABD9473009EEC9B /* Weather_Application */;
			targetProxy = 6663543F2ABD9474009EEC9B /* PBXContainerItemProxy */;
		};
/* End PBXTargetDependency section */

/* Begin PBXVariantGroup section */
		666354272ABD9473009EEC9B /* Main.storyboard */ = {
			isa = PBXVariantGroup;
			children = (
				666354282ABD9473009EEC9B /* Base */,
			);
			name = Main.storyboard;
			sourceTree = "<group>";
		};
		6663542C2ABD9474009EEC9B /* LaunchScreen.storyboard */ = {
			isa = PBXVariantGroup;
			children = (
				6663542D2ABD9474009EEC9B /* Base */,
			);
			name = LaunchScreen.storyboard;
			sourceTree = "<group>";
		};
/* End PBXVariantGroup section */

/* Begin XCBuildConfiguration section */
		666354462ABD9474009EEC9B /* Debug */ = {
			isa = XCBuildConfiguration;
			buildSettings = {
				ALWAYS_SEARCH_USER_PATHS = NO;
				CLANG_ANALYZER_NONNULL = YES;
				CLANG_ANALYZER_NUMBER_OBJECT_CONVERSION = YES_AGGRESSIVE;
				CLANG_CXX_LANGUAGE_STANDARD = "gnu++20";
				CLANG_ENABLE_MODULES = YES;
				CLANG_ENABLE_OBJC_ARC = YES;
				CLANG_ENABLE_OBJC_WEAK = YES;
				CLANG_WARN_BLOCK_CAPTURE_AUTORELEASING = YES;
				CLANG_WARN_BOOL_CONVERSION = YES;
				CLANG_WARN_COMMA = YES;
				CLANG_WARN_CONSTANT_CONVERSION = YES;
				CLANG_WARN_DEPRECATED_OBJC_IMPLEMENTATIONS = YES;
				CLANG_WARN_DIRECT_OBJC_ISA_USAGE = YES_ERROR;
				CLANG_WARN_DOCUMENTATION_COMMENTS = YES;
				CLANG_WARN_EMPTY_BODY = YES;
				CLANG_WARN_ENUM_CONVERSION = YES;
				CLANG_WARN_INFINITE_RECURSION = YES;
				CLANG_WARN_INT_CONVERSION = YES;
				CLANG_WARN_NON_LITERAL_NULL_CONVERSION = YES;
				CLANG_WARN_OBJC_IMPLICIT_RETAIN_SELF = YES;
				CLANG_WARN_OBJC_LITERAL_CONVERSION = YES;
				CLANG_WARN_OBJC_ROOT_CLASS = YES_ERROR;
				CLANG_WARN_QUOTED_INCLUDE_IN_FRAMEWORK_HEADER = YES;
				CLANG_WARN_RANGE_LOOP_ANALYSIS = YES;
				CLANG_WARN_STRICT_PROTOTYPES = YES;
				CLANG_WARN_SUSPICIOUS_MOVE = YES;
				CLANG_WARN_UNGUARDED_AVAILABILITY = YES_AGGRESSIVE;
				CLANG_WARN_UNREACHABLE_CODE = YES;
				CLANG_WARN__DUPLICATE_METHOD_MATCH = YES;
				COPY_PHASE_STRIP = NO;
				DEBUG_INFORMATION_FORMAT = dwarf;
				ENABLE_STRICT_OBJC_MSGSEND = YES;
				ENABLE_TESTABILITY = YES;
				GCC_C_LANGUAGE_STANDARD = gnu11;
				GCC_DYNAMIC_NO_PIC = NO;
				GCC_NO_COMMON_BLOCKS = YES;
				GCC_OPTIMIZATION_LEVEL = 0;
				GCC_PREPROCESSOR_DEFINITIONS = (
					"DEBUG=1",
					"$(inherited)",
				);
				GCC_WARN_64_TO_32_BIT_CONVERSION = YES;
				GCC_WARN_ABOUT_RETURN_TYPE = YES_ERROR;
				GCC_WARN_UNDECLARED_SELECTOR = YES;
				GCC_WARN_UNINITIALIZED_AUTOS = YES_AGGRESSIVE;
				GCC_WARN_UNUSED_FUNCTION = YES;
				GCC_WARN_UNUSED_VARIABLE = YES;
				IPHONEOS_DEPLOYMENT_TARGET = 16.4;
				MTL_ENABLE_DEBUG_INFO = INCLUDE_SOURCE;
				MTL_FAST_MATH = YES;
				ONLY_ACTIVE_ARCH = YES;
				SDKROOT = iphoneos;
				SWIFT_ACTIVE_COMPILATION_CONDITIONS = DEBUG;
				SWIFT_OPTIMIZATION_LEVEL = "-Onone";
			};
			name = Debug;
		};
		666354472ABD9474009EEC9B /* Release */ = {
			isa = XCBuildConfiguration;
			buildSettings = {
				ALWAYS_SEARCH_USER_PATHS = NO;
				CLANG_ANALYZER_NONNULL = YES;
				CLANG_ANALYZER_NUMBER_OBJECT_CONVERSION = YES_AGGRESSIVE;
				CLANG_CXX_LANGUAGE_STANDARD = "gnu++20";
				CLANG_ENABLE_MODULES = YES;
				CLANG_ENABLE_OBJC_ARC = YES;
				CLANG_ENABLE_OBJC_WEAK = YES;
				CLANG_WARN_BLOCK_CAPTURE_AUTORELEASING = YES;
				CLANG_WARN_BOOL_CONVERSION = YES;
				CLANG_WARN_COMMA = YES;
				CLANG_WARN_CONSTANT_CONVERSION = YES;
				CLANG_WARN_DEPRECATED_OBJC_IMPLEMENTATIONS = YES;
				CLANG_WARN_DIRECT_OBJC_ISA_USAGE = YES_ERROR;
				CLANG_WARN_DOCUMENTATION_COMMENTS = YES;
				CLANG_WARN_EMPTY_BODY = YES;
				CLANG_WARN_ENUM_CONVERSION = YES;
				CLANG_WARN_INFINITE_RECURSION = YES;
				CLANG_WARN_INT_CONVERSION = YES;
				CLANG_WARN_NON_LITERAL_NULL_CONVERSION = YES;
				CLANG_WARN_OBJC_IMPLICIT_RETAIN_SELF = YES;
				CLANG_WARN_OBJC_LITERAL_CONVERSION = YES;
				CLANG_WARN_OBJC_ROOT_CLASS = YES_ERROR;
				CLANG_WARN_QUOTED_INCLUDE_IN_FRAMEWORK_HEADER = YES;
				CLANG_WARN_RANGE_LOOP_ANALYSIS = YES;
				CLANG_WARN_STRICT_PROTOTYPES = YES;
				CLANG_WARN_SUSPICIOUS_MOVE = YES;
				CLANG_WARN_UNGUARDED_AVAILABILITY = YES_AGGRESSIVE;
				CLANG_WARN_UNREACHABLE_CODE = YES;
				CLANG_WARN__DUPLICATE_METHOD_MATCH = YES;
				COPY_PHASE_STRIP = NO;
				DEBUG_INFORMATION_FORMAT = "dwarf-with-dsym";
				ENABLE_NS_ASSERTIONS = NO;
				ENABLE_STRICT_OBJC_MSGSEND = YES;
				GCC_C_LANGUAGE_STANDARD = gnu11;
				GCC_NO_COMMON_BLOCKS = YES;
				GCC_WARN_64_TO_32_BIT_CONVERSION = YES;
				GCC_WARN_ABOUT_RETURN_TYPE = YES_ERROR;
				GCC_WARN_UNDECLARED_SELECTOR = YES;
				GCC_WARN_UNINITIALIZED_AUTOS = YES_AGGRESSIVE;
				GCC_WARN_UNUSED_FUNCTION = YES;
				GCC_WARN_UNUSED_VARIABLE = YES;
				IPHONEOS_DEPLOYMENT_TARGET = 16.4;
				MTL_ENABLE_DEBUG_INFO = NO;
				MTL_FAST_MATH = YES;
				SDKROOT = iphoneos;
				SWIFT_COMPILATION_MODE = wholemodule;
				SWIFT_OPTIMIZATION_LEVEL = "-O";
				VALIDATE_PRODUCT = YES;
			};
			name = Release;
		};
		666354492ABD9474009EEC9B /* Debug */ = {
			isa = XCBuildConfiguration;
			baseConfigurationReference = 92826E974CAAF08464D58318 /* Pods-Weather_Application.debug.xcconfig */;
			buildSettings = {
				ASSETCATALOG_COMPILER_APPICON_NAME = AppIcon;
				ASSETCATALOG_COMPILER_GLOBAL_ACCENT_COLOR_NAME = AccentColor;
				CODE_SIGN_STYLE = Automatic;
				CURRENT_PROJECT_VERSION = 1;
				GENERATE_INFOPLIST_FILE = YES;
				INFOPLIST_FILE = Weather_Application/Info.plist;
				INFOPLIST_KEY_UIApplicationSupportsIndirectInputEvents = YES;
				INFOPLIST_KEY_UILaunchStoryboardName = LaunchScreen;
				INFOPLIST_KEY_UIMainStoryboardFile = Main;
				INFOPLIST_KEY_UISupportedInterfaceOrientations_iPad = "UIInterfaceOrientationPortrait UIInterfaceOrientationPortraitUpsideDown UIInterfaceOrientationLandscapeLeft UIInterfaceOrientationLandscapeRight";
				INFOPLIST_KEY_UISupportedInterfaceOrientations_iPhone = "UIInterfaceOrientationPortrait UIInterfaceOrientationLandscapeLeft UIInterfaceOrientationLandscapeRight";
				LD_RUNPATH_SEARCH_PATHS = (
					"$(inherited)",
					"@executable_path/Frameworks",
				);
				MARKETING_VERSION = 1.0;
				PRODUCT_BUNDLE_IDENTIFIER = "manikandan.Weather-Application";
				PRODUCT_NAME = "$(TARGET_NAME)";
				SWIFT_EMIT_LOC_STRINGS = YES;
				SWIFT_VERSION = 5.0;
				TARGETED_DEVICE_FAMILY = "1,2";
			};
			name = Debug;
		};
		6663544A2ABD9474009EEC9B /* Release */ = {
			isa = XCBuildConfiguration;
			baseConfigurationReference = A895F888988A86278A66F0ED /* Pods-Weather_Application.release.xcconfig */;
			buildSettings = {
				ASSETCATALOG_COMPILER_APPICON_NAME = AppIcon;
				ASSETCATALOG_COMPILER_GLOBAL_ACCENT_COLOR_NAME = AccentColor;
				CODE_SIGN_STYLE = Automatic;
				CURRENT_PROJECT_VERSION = 1;
				GENERATE_INFOPLIST_FILE = YES;
				INFOPLIST_FILE = Weather_Application/Info.plist;
				INFOPLIST_KEY_UIApplicationSupportsIndirectInputEvents = YES;
				INFOPLIST_KEY_UILaunchStoryboardName = LaunchScreen;
				INFOPLIST_KEY_UIMainStoryboardFile = Main;
				INFOPLIST_KEY_UISupportedInterfaceOrientations_iPad = "UIInterfaceOrientationPortrait UIInterfaceOrientationPortraitUpsideDown UIInterfaceOrientationLandscapeLeft UIInterfaceOrientationLandscapeRight";
				INFOPLIST_KEY_UISupportedInterfaceOrientations_iPhone = "UIInterfaceOrientationPortrait UIInterfaceOrientationLandscapeLeft UIInterfaceOrientationLandscapeRight";
				LD_RUNPATH_SEARCH_PATHS = (
					"$(inherited)",
					"@executable_path/Frameworks",
				);
				MARKETING_VERSION = 1.0;
				PRODUCT_BUNDLE_IDENTIFIER = "manikandan.Weather-Application";
				PRODUCT_NAME = "$(TARGET_NAME)";
				SWIFT_EMIT_LOC_STRINGS = YES;
				SWIFT_VERSION = 5.0;
				TARGETED_DEVICE_FAMILY = "1,2";
			};
			name = Release;
		};
		6663544C2ABD9474009EEC9B /* Debug */ = {
			isa = XCBuildConfiguration;
			baseConfigurationReference = B66051D6A73A9D0774D26014 /* Pods-Weather_ApplicationTests.debug.xcconfig */;
			buildSettings = {
				ALWAYS_EMBED_SWIFT_STANDARD_LIBRARIES = YES;
				BUNDLE_LOADER = "$(TEST_HOST)";
				CODE_SIGN_STYLE = Automatic;
				CURRENT_PROJECT_VERSION = 1;
				GENERATE_INFOPLIST_FILE = YES;
				IPHONEOS_DEPLOYMENT_TARGET = 16.4;
				MARKETING_VERSION = 1.0;
				PRODUCT_BUNDLE_IDENTIFIER = "manikandan.Weather-ApplicationTests";
				PRODUCT_NAME = "$(TARGET_NAME)";
				SWIFT_EMIT_LOC_STRINGS = NO;
				SWIFT_VERSION = 5.0;
				TARGETED_DEVICE_FAMILY = "1,2";
				TEST_HOST = "$(BUILT_PRODUCTS_DIR)/Weather_Application.app/$(BUNDLE_EXECUTABLE_FOLDER_PATH)/Weather_Application";
			};
			name = Debug;
		};
		6663544D2ABD9474009EEC9B /* Release */ = {
			isa = XCBuildConfiguration;
			baseConfigurationReference = 9D5529E4C52F2AED6F680F01 /* Pods-Weather_ApplicationTests.release.xcconfig */;
			buildSettings = {
				ALWAYS_EMBED_SWIFT_STANDARD_LIBRARIES = YES;
				BUNDLE_LOADER = "$(TEST_HOST)";
				CODE_SIGN_STYLE = Automatic;
				CURRENT_PROJECT_VERSION = 1;
				GENERATE_INFOPLIST_FILE = YES;
				IPHONEOS_DEPLOYMENT_TARGET = 16.4;
				MARKETING_VERSION = 1.0;
				PRODUCT_BUNDLE_IDENTIFIER = "manikandan.Weather-ApplicationTests";
				PRODUCT_NAME = "$(TARGET_NAME)";
				SWIFT_EMIT_LOC_STRINGS = NO;
				SWIFT_VERSION = 5.0;
				TARGETED_DEVICE_FAMILY = "1,2";
				TEST_HOST = "$(BUILT_PRODUCTS_DIR)/Weather_Application.app/$(BUNDLE_EXECUTABLE_FOLDER_PATH)/Weather_Application";
			};
			name = Release;
		};
		6663544F2ABD9474009EEC9B /* Debug */ = {
			isa = XCBuildConfiguration;
			baseConfigurationReference = 755FFD334664A6B2E7237F6D /* Pods-Weather_Application-Weather_ApplicationUITests.debug.xcconfig */;
			buildSettings = {
				ALWAYS_EMBED_SWIFT_STANDARD_LIBRARIES = YES;
				CODE_SIGN_STYLE = Automatic;
				CURRENT_PROJECT_VERSION = 1;
				GENERATE_INFOPLIST_FILE = YES;
				MARKETING_VERSION = 1.0;
				PRODUCT_BUNDLE_IDENTIFIER = "manikandan.Weather-ApplicationUITests";
				PRODUCT_NAME = "$(TARGET_NAME)";
				SWIFT_EMIT_LOC_STRINGS = NO;
				SWIFT_VERSION = 5.0;
				TARGETED_DEVICE_FAMILY = "1,2";
				TEST_TARGET_NAME = Weather_Application;
			};
			name = Debug;
		};
		666354502ABD9474009EEC9B /* Release */ = {
			isa = XCBuildConfiguration;
			baseConfigurationReference = 512F46EB9C046BADE0B9D559 /* Pods-Weather_Application-Weather_ApplicationUITests.release.xcconfig */;
			buildSettings = {
				ALWAYS_EMBED_SWIFT_STANDARD_LIBRARIES = YES;
				CODE_SIGN_STYLE = Automatic;
				CURRENT_PROJECT_VERSION = 1;
				GENERATE_INFOPLIST_FILE = YES;
				MARKETING_VERSION = 1.0;
				PRODUCT_BUNDLE_IDENTIFIER = "manikandan.Weather-ApplicationUITests";
				PRODUCT_NAME = "$(TARGET_NAME)";
				SWIFT_EMIT_LOC_STRINGS = NO;
				SWIFT_VERSION = 5.0;
				TARGETED_DEVICE_FAMILY = "1,2";
				TEST_TARGET_NAME = Weather_Application;
			};
			name = Release;
		};
/* End XCBuildConfiguration section */

/* Begin XCConfigurationList section */
		666354192ABD9473009EEC9B /* Build configuration list for PBXProject "Weather_Application" */ = {
			isa = XCConfigurationList;
			buildConfigurations = (
				666354462ABD9474009EEC9B /* Debug */,
				666354472ABD9474009EEC9B /* Release */,
			);
			defaultConfigurationIsVisible = 0;
			defaultConfigurationName = Release;
		};
		666354482ABD9474009EEC9B /* Build configuration list for PBXNativeTarget "Weather_Application" */ = {
			isa = XCConfigurationList;
			buildConfigurations = (
				666354492ABD9474009EEC9B /* Debug */,
				6663544A2ABD9474009EEC9B /* Release */,
			);
			defaultConfigurationIsVisible = 0;
			defaultConfigurationName = Release;
		};
		6663544B2ABD9474009EEC9B /* Build configuration list for PBXNativeTarget "Weather_ApplicationTests" */ = {
			isa = XCConfigurationList;
			buildConfigurations = (
				6663544C2ABD9474009EEC9B /* Debug */,
				6663544D2ABD9474009EEC9B /* Release */,
			);
			defaultConfigurationIsVisible = 0;
			defaultConfigurationName = Release;
		};
		6663544E2ABD9474009EEC9B /* Build configuration list for PBXNativeTarget "Weather_ApplicationUITests" */ = {
			isa = XCConfigurationList;
			buildConfigurations = (
				6663544F2ABD9474009EEC9B /* Debug */,
				666354502ABD9474009EEC9B /* Release */,
			);
			defaultConfigurationIsVisible = 0;
			defaultConfigurationName = Release;
		};
/* End XCConfigurationList section */
	};
	rootObject = 666354162ABD9473009EEC9B /* Project object */;
}
